
Microsoft Visual Studio Solution File, Format Version 12.00
# Visual Studio 2013
VisualStudioVersion = 12.0.30723.0
MinimumVisualStudioVersion = 10.0.40219.1
Project("{8BC9CEB8-8B4A-11D0-8D11-00A0C91BC942}") = "SFML_Assignment2", "SFML_Assignment2.vcxproj", "{51382D46-152E-4AE6-98D4-89E112895B2D}"
EndProject
Global
	GlobalSection(SolutionConfigurationPlatforms) = preSolution
		Debug|Win32 = Debug|Win32
		Release|Win32 = Release|Win32
	EndGlobalSection
	GlobalSection(ProjectConfigurationPlatforms) = postSolution
		{51382D46-152E-4AE6-98D4-89E112895B2D}.Debug|Win32.ActiveCfg = Debug|Win32
		{51382D46-152E-4AE6-98D4-89E112895B2D}.Debug|Win32.Build.0 = Debug|Win32
		{51382D46-152E-4AE6-98D4-89E112895B2D}.Release|Win32.ActiveCfg = Release|Win32
		{51382D46-152E-4AE6-98D4-89E112895B2D}.Release|Win32.Build.0 = Release|Win32
	EndGlobalSection
	GlobalSection(SolutionProperties) = preSolution
		HideSolutionNode = FALSE
	EndGlobalSection
EndGlobal
